
Microsoft Visual Studio Solution File, Format Version 12.00
# Visual Studio Version 17
VisualStudioVersion = 17.9.34902.65
MinimumVisualStudioVersion = 15.0.26124.0
Project("{E53339B2-1760-4266-BCC7-CA923CBCF16C}") = "docker-compose", "docker-compose.dcproj", "{F817047F-018D-4F93-BDA5-58602073B634}"
EndProject
Project("{2150E333-8FDC-42A3-9474-1A3956D46DE8}") = "src", "src", "{A49BF134-C5B7-4A5D-B942-09A3E6DBAC7E}"
	ProjectSection(SolutionItems) = preProject
		README.md = README.md
	EndProjectSection
EndProject
Project("{9A19103F-16F7-4668-BE54-9A1E7A4F7556}") = "Duende.Admin", "src\Duende.Admin\Duende.Admin.csproj", "{6D2B7CD2-D1DF-4FEF-8519-BD8FE8129B41}"
EndProject
Project("{9A19103F-16F7-4668-BE54-9A1E7A4F7556}") = "Duende.STS.Identity", "src\Duende.STS.Identity\Duende.STS.Identity.csproj", "{CC463C1A-BD63-470C-A16B-F22C55F83204}"
EndProject
Project("{9A19103F-16F7-4668-BE54-9A1E7A4F7556}") = "Duende.Admin.Api", "src\Duende.Admin.Api\Duende.Admin.Api.csproj", "{4DE16C16-F6F9-4596-9F69-E9796FB5A892}"
EndProject
Project("{9A19103F-16F7-4668-BE54-9A1E7A4F7556}") = "Duende.Admin.EntityFramework.Shared", "src\Duende.Admin.EntityFramework.Shared\Duende.Admin.EntityFramework.Shared.csproj", "{BEFD05BD-A689-4E48-AD04-DF63E8402A6F}"
EndProject
Project("{9A19103F-16F7-4668-BE54-9A1E7A4F7556}") = "Duende.Admin.EntityFramework.MySql", "src\Duende.Admin.EntityFramework.MySql\Duende.Admin.EntityFramework.MySql.csproj", "{695A809A-E5D8-4311-A90F-CCF1B1E0F757}"
EndProject
Project("{9A19103F-16F7-4668-BE54-9A1E7A4F7556}") = "Duende.Admin.EntityFramework.PostgreSQL", "src\Duende.Admin.EntityFramework.PostgreSQL\Duende.Admin.EntityFramework.PostgreSQL.csproj", "{E5D96B61-8B26-4828-87A8-BB8F89D6B74C}"
EndProject
Project("{9A19103F-16F7-4668-BE54-9A1E7A4F7556}") = "Duende.Admin.EntityFramework.SqlServer", "src\Duende.Admin.EntityFramework.SqlServer\Duende.Admin.EntityFramework.SqlServer.csproj", "{E450E787-18A0-4389-8EDB-2B2AF9C33867}"
EndProject
Project("{9A19103F-16F7-4668-BE54-9A1E7A4F7556}") = "Duende.Shared", "src\Duende.Shared\Duende.Shared.csproj", "{165CA1F7-9779-4F71-BB6A-D4AB9E6B1EB8}"
EndProject
Global
	GlobalSection(SolutionConfigurationPlatforms) = preSolution
		Debug|Any CPU = Debug|Any CPU
		Debug|x64 = Debug|x64
		Debug|x86 = Debug|x86
		Release|Any CPU = Release|Any CPU
		Release|x64 = Release|x64
		Release|x86 = Release|x86
	EndGlobalSection
	GlobalSection(ProjectConfigurationPlatforms) = postSolution
		{F817047F-018D-4F93-BDA5-58602073B634}.Debug|Any CPU.ActiveCfg = Debug|Any CPU
		{F817047F-018D-4F93-BDA5-58602073B634}.Debug|Any CPU.Build.0 = Debug|Any CPU
		{F817047F-018D-4F93-BDA5-58602073B634}.Debug|x64.ActiveCfg = Debug|Any CPU
		{F817047F-018D-4F93-BDA5-58602073B634}.Debug|x64.Build.0 = Debug|Any CPU
		{F817047F-018D-4F93-BDA5-58602073B634}.Debug|x86.ActiveCfg = Debug|Any CPU
		{F817047F-018D-4F93-BDA5-58602073B634}.Debug|x86.Build.0 = Debug|Any CPU
		{F817047F-018D-4F93-BDA5-58602073B634}.Release|Any CPU.ActiveCfg = Release|Any CPU
		{F817047F-018D-4F93-BDA5-58602073B634}.Release|Any CPU.Build.0 = Release|Any CPU
		{F817047F-018D-4F93-BDA5-58602073B634}.Release|x64.ActiveCfg = Release|Any CPU
		{F817047F-018D-4F93-BDA5-58602073B634}.Release|x64.Build.0 = Release|Any CPU
		{F817047F-018D-4F93-BDA5-58602073B634}.Release|x86.ActiveCfg = Release|Any CPU
		{F817047F-018D-4F93-BDA5-58602073B634}.Release|x86.Build.0 = Release|Any CPU
		{6D2B7CD2-D1DF-4FEF-8519-BD8FE8129B41}.Debug|Any CPU.ActiveCfg = Debug|Any CPU
		{6D2B7CD2-D1DF-4FEF-8519-BD8FE8129B41}.Debug|Any CPU.Build.0 = Debug|Any CPU
		{6D2B7CD2-D1DF-4FEF-8519-BD8FE8129B41}.Debug|x64.ActiveCfg = Debug|Any CPU
		{6D2B7CD2-D1DF-4FEF-8519-BD8FE8129B41}.Debug|x64.Build.0 = Debug|Any CPU
		{6D2B7CD2-D1DF-4FEF-8519-BD8FE8129B41}.Debug|x86.ActiveCfg = Debug|Any CPU
		{6D2B7CD2-D1DF-4FEF-8519-BD8FE8129B41}.Debug|x86.Build.0 = Debug|Any CPU
		{6D2B7CD2-D1DF-4FEF-8519-BD8FE8129B41}.Release|Any CPU.ActiveCfg = Release|Any CPU
		{6D2B7CD2-D1DF-4FEF-8519-BD8FE8129B41}.Release|Any CPU.Build.0 = Release|Any CPU
		{6D2B7CD2-D1DF-4FEF-8519-BD8FE8129B41}.Release|x64.ActiveCfg = Release|Any CPU
		{6D2B7CD2-D1DF-4FEF-8519-BD8FE8129B41}.Release|x64.Build.0 = Release|Any CPU
		{6D2B7CD2-D1DF-4FEF-8519-BD8FE8129B41}.Release|x86.ActiveCfg = Release|Any CPU
		{6D2B7CD2-D1DF-4FEF-8519-BD8FE8129B41}.Release|x86.Build.0 = Release|Any CPU
		{CC463C1A-BD63-470C-A16B-F22C55F83204}.Debug|Any CPU.ActiveCfg = Debug|Any CPU
		{CC463C1A-BD63-470C-A16B-F22C55F83204}.Debug|Any CPU.Build.0 = Debug|Any CPU
		{CC463C1A-BD63-470C-A16B-F22C55F83204}.Debug|x64.ActiveCfg = Debug|Any CPU
		{CC463C1A-BD63-470C-A16B-F22C55F83204}.Debug|x64.Build.0 = Debug|Any CPU
		{CC463C1A-BD63-470C-A16B-F22C55F83204}.Debug|x86.ActiveCfg = Debug|Any CPU
		{CC463C1A-BD63-470C-A16B-F22C55F83204}.Debug|x86.Build.0 = Debug|Any CPU
		{CC463C1A-BD63-470C-A16B-F22C55F83204}.Release|Any CPU.ActiveCfg = Release|Any CPU
		{CC463C1A-BD63-470C-A16B-F22C55F83204}.Release|Any CPU.Build.0 = Release|Any CPU
		{CC463C1A-BD63-470C-A16B-F22C55F83204}.Release|x64.ActiveCfg = Release|Any CPU
		{CC463C1A-BD63-470C-A16B-F22C55F83204}.Release|x64.Build.0 = Release|Any CPU
		{CC463C1A-BD63-470C-A16B-F22C55F83204}.Release|x86.ActiveCfg = Release|Any CPU
		{CC463C1A-BD63-470C-A16B-F22C55F83204}.Release|x86.Build.0 = Release|Any CPU
		{4DE16C16-F6F9-4596-9F69-E9796FB5A892}.Debug|Any CPU.ActiveCfg = Debug|Any CPU
		{4DE16C16-F6F9-4596-9F69-E9796FB5A892}.Debug|Any CPU.Build.0 = Debug|Any CPU
		{4DE16C16-F6F9-4596-9F69-E9796FB5A892}.Debug|x64.ActiveCfg = Debug|Any CPU
		{4DE16C16-F6F9-4596-9F69-E9796FB5A892}.Debug|x64.Build.0 = Debug|Any CPU
		{4DE16C16-F6F9-4596-9F69-E9796FB5A892}.Debug|x86.ActiveCfg = Debug|Any CPU
		{4DE16C16-F6F9-4596-9F69-E9796FB5A892}.Debug|x86.Build.0 = Debug|Any CPU
		{4DE16C16-F6F9-4596-9F69-E9796FB5A892}.Release|Any CPU.ActiveCfg = Release|Any CPU
		{4DE16C16-F6F9-4596-9F69-E9796FB5A892}.Release|Any CPU.Build.0 = Release|Any CPU
		{4DE16C16-F6F9-4596-9F69-E9796FB5A892}.Release|x64.ActiveCfg = Release|Any CPU
		{4DE16C16-F6F9-4596-9F69-E9796FB5A892}.Release|x64.Build.0 = Release|Any CPU
		{4DE16C16-F6F9-4596-9F69-E9796FB5A892}.Release|x86.ActiveCfg = Release|Any CPU
		{4DE16C16-F6F9-4596-9F69-E9796FB5A892}.Release|x86.Build.0 = Release|Any CPU
		{BEFD05BD-A689-4E48-AD04-DF63E8402A6F}.Debug|Any CPU.ActiveCfg = Debug|Any CPU
		{BEFD05BD-A689-4E48-AD04-DF63E8402A6F}.Debug|Any CPU.Build.0 = Debug|Any CPU
		{BEFD05BD-A689-4E48-AD04-DF63E8402A6F}.Debug|x64.ActiveCfg = Debug|Any CPU
		{BEFD05BD-A689-4E48-AD04-DF63E8402A6F}.Debug|x64.Build.0 = Debug|Any CPU
		{BEFD05BD-A689-4E48-AD04-DF63E8402A6F}.Debug|x86.ActiveCfg = Debug|Any CPU
		{BEFD05BD-A689-4E48-AD04-DF63E8402A6F}.Debug|x86.Build.0 = Debug|Any CPU
		{BEFD05BD-A689-4E48-AD04-DF63E8402A6F}.Release|Any CPU.ActiveCfg = Release|Any CPU
		{BEFD05BD-A689-4E48-AD04-DF63E8402A6F}.Release|Any CPU.Build.0 = Release|Any CPU
		{BEFD05BD-A689-4E48-AD04-DF63E8402A6F}.Release|x64.ActiveCfg = Release|Any CPU
		{BEFD05BD-A689-4E48-AD04-DF63E8402A6F}.Release|x64.Build.0 = Release|Any CPU
		{BEFD05BD-A689-4E48-AD04-DF63E8402A6F}.Release|x86.ActiveCfg = Release|Any CPU
		{BEFD05BD-A689-4E48-AD04-DF63E8402A6F}.Release|x86.Build.0 = Release|Any CPU
		{695A809A-E5D8-4311-A90F-CCF1B1E0F757}.Debug|Any CPU.ActiveCfg = Debug|Any CPU
		{695A809A-E5D8-4311-A90F-CCF1B1E0F757}.Debug|Any CPU.Build.0 = Debug|Any CPU
		{695A809A-E5D8-4311-A90F-CCF1B1E0F757}.Debug|x64.ActiveCfg = Debug|Any CPU
		{695A809A-E5D8-4311-A90F-CCF1B1E0F757}.Debug|x64.Build.0 = Debug|Any CPU
		{695A809A-E5D8-4311-A90F-CCF1B1E0F757}.Debug|x86.ActiveCfg = Debug|Any CPU
		{695A809A-E5D8-4311-A90F-CCF1B1E0F757}.Debug|x86.Build.0 = Debug|Any CPU
		{695A809A-E5D8-4311-A90F-CCF1B1E0F757}.Release|Any CPU.ActiveCfg = Release|Any CPU
		{695A809A-E5D8-4311-A90F-CCF1B1E0F757}.Release|Any CPU.Build.0 = Release|Any CPU
		{695A809A-E5D8-4311-A90F-CCF1B1E0F757}.Release|x64.ActiveCfg = Release|Any CPU
		{695A809A-E5D8-4311-A90F-CCF1B1E0F757}.Release|x64.Build.0 = Release|Any CPU
		{695A809A-E5D8-4311-A90F-CCF1B1E0F757}.Release|x86.ActiveCfg = Release|Any CPU
		{695A809A-E5D8-4311-A90F-CCF1B1E0F757}.Release|x86.Build.0 = Release|Any CPU
		{E5D96B61-8B26-4828-87A8-BB8F89D6B74C}.Debug|Any CPU.ActiveCfg = Debug|Any CPU
		{E5D96B61-8B26-4828-87A8-BB8F89D6B74C}.Debug|Any CPU.Build.0 = Debug|Any CPU
		{E5D96B61-8B26-4828-87A8-BB8F89D6B74C}.Debug|x64.ActiveCfg = Debug|Any CPU
		{E5D96B61-8B26-4828-87A8-BB8F89D6B74C}.Debug|x64.Build.0 = Debug|Any CPU
		{E5D96B61-8B26-4828-87A8-BB8F89D6B74C}.Debug|x86.ActiveCfg = Debug|Any CPU
		{E5D96B61-8B26-4828-87A8-BB8F89D6B74C}.Debug|x86.Build.0 = Debug|Any CPU
		{E5D96B61-8B26-4828-87A8-BB8F89D6B74C}.Release|Any CPU.ActiveCfg = Release|Any CPU
		{E5D96B61-8B26-4828-87A8-BB8F89D6B74C}.Release|Any CPU.Build.0 = Release|Any CPU
		{E5D96B61-8B26-4828-87A8-BB8F89D6B74C}.Release|x64.ActiveCfg = Release|Any CPU
		{E5D96B61-8B26-4828-87A8-BB8F89D6B74C}.Release|x64.Build.0 = Release|Any CPU
		{E5D96B61-8B26-4828-87A8-BB8F89D6B74C}.Release|x86.ActiveCfg = Release|Any CPU
		{E5D96B61-8B26-4828-87A8-BB8F89D6B74C}.Release|x86.Build.0 = Release|Any CPU
		{E450E787-18A0-4389-8EDB-2B2AF9C33867}.Debug|Any CPU.ActiveCfg = Debug|Any CPU
		{E450E787-18A0-4389-8EDB-2B2AF9C33867}.Debug|Any CPU.Build.0 = Debug|Any CPU
		{E450E787-18A0-4389-8EDB-2B2AF9C33867}.Debug|x64.ActiveCfg = Debug|Any CPU
		{E450E787-18A0-4389-8EDB-2B2AF9C33867}.Debug|x64.Build.0 = Debug|Any CPU
		{E450E787-18A0-4389-8EDB-2B2AF9C33867}.Debug|x86.ActiveCfg = Debug|Any CPU
		{E450E787-18A0-4389-8EDB-2B2AF9C33867}.Debug|x86.Build.0 = Debug|Any CPU
		{E450E787-18A0-4389-8EDB-2B2AF9C33867}.Release|Any CPU.ActiveCfg = Release|Any CPU
		{E450E787-18A0-4389-8EDB-2B2AF9C33867}.Release|Any CPU.Build.0 = Release|Any CPU
		{E450E787-18A0-4389-8EDB-2B2AF9C33867}.Release|x64.ActiveCfg = Release|Any CPU
		{E450E787-18A0-4389-8EDB-2B2AF9C33867}.Release|x64.Build.0 = Release|Any CPU
		{E450E787-18A0-4389-8EDB-2B2AF9C33867}.Release|x86.ActiveCfg = Release|Any CPU
		{E450E787-18A0-4389-8EDB-2B2AF9C33867}.Release|x86.Build.0 = Release|Any CPU
		{165CA1F7-9779-4F71-BB6A-D4AB9E6B1EB8}.Debug|Any CPU.ActiveCfg = Debug|Any CPU
		{165CA1F7-9779-4F71-BB6A-D4AB9E6B1EB8}.Debug|Any CPU.Build.0 = Debug|Any CPU
		{165CA1F7-9779-4F71-BB6A-D4AB9E6B1EB8}.Debug|x64.ActiveCfg = Debug|Any CPU
		{165CA1F7-9779-4F71-BB6A-D4AB9E6B1EB8}.Debug|x64.Build.0 = Debug|Any CPU
		{165CA1F7-9779-4F71-BB6A-D4AB9E6B1EB8}.Debug|x86.ActiveCfg = Debug|Any CPU
		{165CA1F7-9779-4F71-BB6A-D4AB9E6B1EB8}.Debug|x86.Build.0 = Debug|Any CPU
		{165CA1F7-9779-4F71-BB6A-D4AB9E6B1EB8}.Release|Any CPU.ActiveCfg = Release|Any CPU
		{165CA1F7-9779-4F71-BB6A-D4AB9E6B1EB8}.Release|Any CPU.Build.0 = Release|Any CPU
		{165CA1F7-9779-4F71-BB6A-D4AB9E6B1EB8}.Release|x64.ActiveCfg = Release|Any CPU
		{165CA1F7-9779-4F71-BB6A-D4AB9E6B1EB8}.Release|x64.Build.0 = Release|Any CPU
		{165CA1F7-9779-4F71-BB6A-D4AB9E6B1EB8}.Release|x86.ActiveCfg = Release|Any CPU
		{165CA1F7-9779-4F71-BB6A-D4AB9E6B1EB8}.Release|x86.Build.0 = Release|Any CPU
	EndGlobalSection
	GlobalSection(SolutionProperties) = preSolution
		HideSolutionNode = FALSE
	EndGlobalSection
	GlobalSection(NestedProjects) = preSolution
		{6D2B7CD2-D1DF-4FEF-8519-BD8FE8129B41} = {A49BF134-C5B7-4A5D-B942-09A3E6DBAC7E}
		{CC463C1A-BD63-470C-A16B-F22C55F83204} = {A49BF134-C5B7-4A5D-B942-09A3E6DBAC7E}
		{4DE16C16-F6F9-4596-9F69-E9796FB5A892} = {A49BF134-C5B7-4A5D-B942-09A3E6DBAC7E}
		{BEFD05BD-A689-4E48-AD04-DF63E8402A6F} = {A49BF134-C5B7-4A5D-B942-09A3E6DBAC7E}
		{695A809A-E5D8-4311-A90F-CCF1B1E0F757} = {A49BF134-C5B7-4A5D-B942-09A3E6DBAC7E}
		{E5D96B61-8B26-4828-87A8-BB8F89D6B74C} = {A49BF134-C5B7-4A5D-B942-09A3E6DBAC7E}
		{E450E787-18A0-4389-8EDB-2B2AF9C33867} = {A49BF134-C5B7-4A5D-B942-09A3E6DBAC7E}
		{165CA1F7-9779-4F71-BB6A-D4AB9E6B1EB8} = {A49BF134-C5B7-4A5D-B942-09A3E6DBAC7E}
	EndGlobalSection
	GlobalSection(ExtensibilityGlobals) = postSolution
		SolutionGuid = {549F6BA2-7BF0-4104-9088-47D242078F31}
	EndGlobalSection
EndGlobal
